{
  "version": 4,
  "terraform_version": "1.14.8",
  "serial": 135,
  "lineage": "3720b93e-9121-37b2-32aa-97c68a99df17",
  "outputs": {},
  "resources": [
    {
      "mode": "managed",
      "type": "aws_vpc",
      "name": "my_vpc",
      "provider": "provider[\"registry.terraform.io/hashicorp/aws\"]",
      "instances": [
        {
          "schema_version": 1,
          "attributes": {
            "arn": "arn:aws:ec2:eu-central-1:048266892098:vpc/vpc-00b184de5f92cbd2d",
            "assign_generated_ipv6_cidr_block": false,
            "cidr_block": "10.0.0.0/16",
            "default_network_acl_id": "acl-09fc1440c761d25e2",
            "default_route_table_id": "rtb-0a3f0474f57517e65",
            "default_security_group_id": "sg-09e4352049ce73bea",
            "dhcp_options_id": "dopt-04a6589e729ada3d1",
            "enable_dns_hostnames": false,
            "enable_dns_support": true,
            "enable_network_address_usage_metrics": false,
            "id": "vpc-00b184de5f92cbd2d",
            "instance_tenancy": "default",
            "ipv4_ipam_pool_id": null,
            "ipv4_netmask_length": null,
            "ipv6_association_id": "",
            "ipv6_cidr_block": "",
            "ipv6_cidr_block_network_border_group": "",
            "ipv6_ipam_pool_id": "",
            "ipv6_netmask_length": 0,
            "main_route_table_id": "rtb-0a3f0474f57517e65",
            "owner_id": "048266892098",
            "region": "eu-central-1",
            "tags": {
              "CostCenter": "99999999999",
              "Environment": "Production",
              "Name": "MyVPC",
              "Owner": "Andrii Romanchuk",
              "Project": "SuperPower"
            },
            "tags_all": {
              "CostCenter": "99999999999",
              "Environment": "Production",
              "Name": "MyVPC",
              "Owner": "Andrii Romanchuk",
              "Project": "SuperPower"
            }
          },
          "sensitive_attributes": [],
          "identity_schema_version": 0,
          "identity": {
            "account_id": "048266892098",
            "id": "vpc-00b184de5f92cbd2d",
            "region": "eu-central-1"
          },
          "private": "eyJzY2hlbWFfdmVyc2lvbiI6IjEifQ=="
        }
      ]
    }
  ],
  "check_results": null
}
